// !$*UTF8*$!
{
	archiveVersion = 1;
	classes = {
	};
	objectVersion = 50;
	objects = {

/* Begin PBXBuildFile section */
		95CCD08B234F2F4900B1DC24 /* AppDelegate.swift in Sources */ = {isa = PBXBuildFile; fileRef = 95CCD08A234F2F4900B1DC24 /* AppDelegate.swift */; };
		95CCD08D234F2F4900B1DC24 /* SceneDelegate.swift in Sources */ = {isa = PBXBuildFile; fileRef = 95CCD08C234F2F4900B1DC24 /* SceneDelegate.swift */; };
		95CCD08F234F2F4900B1DC24 /* ContentView.swift in Sources */ = {isa = PBXBuildFile; fileRef = 95CCD08E234F2F4900B1DC24 /* ContentView.swift */; };
		95CCD091234F2F4B00B1DC24 /* Assets.xcassets in Resources */ = {isa = PBXBuildFile; fileRef = 95CCD090234F2F4B00B1DC24 /* Assets.xcassets */; };
		95CCD094234F2F4B00B1DC24 /* Preview Assets.xcassets in Resources */ = {isa = PBXBuildFile; fileRef = 95CCD093234F2F4B00B1DC24 /* Preview Assets.xcassets */; };
		95CCD097234F2F4B00B1DC24 /* LaunchScreen.storyboard in Resources */ = {isa = PBXBuildFile; fileRef = 95CCD095234F2F4B00B1DC24 /* LaunchScreen.storyboard */; };
		95CCD09F234F302000B1DC24 /* MyCustomButton.swift in Sources */ = {isa = PBXBuildFile; fileRef = 95CCD09E234F302000B1DC24 /* MyCustomButton.swift */; };
/* End PBXBuildFile section */

/* Begin PBXFileReference section */
		95CCD087234F2F4900B1DC24 /* HowToMakeCustomButtonsIn2DifferentWays.app */ = {isa = PBXFileReference; explicitFileType = wrapper.application; includeInIndex = 0; path = HowToMakeCustomButtonsIn2DifferentWays.app; sourceTree = BUILT_PRODUCTS_DIR; };
		95CCD08A234F2F4900B1DC24 /* AppDelegate.swift */ = {isa = PBXFileReference; lastKnownFileType = sourcecode.swift; path = AppDelegate.swift; sourceTree = "<group>"; };
		95CCD08C234F2F4900B1DC24 /* SceneDelegate.swift */ = {isa = PBXFileReference; lastKnownFileType = sourcecode.swift; path = SceneDelegate.swift; sourceTree = "<group>"; };
		95CCD08E234F2F4900B1DC24 /* ContentView.swift */ = {isa = PBXFileReference; lastKnownFileType = sourcecode.swift; path = ContentView.swift; sourceTree = "<group>"; };
		95CCD090234F2F4B00B1DC24 /* Assets.xcassets */ = {isa = PBXFileReference; lastKnownFileType = folder.assetcatalog; path = Assets.xcassets; sourceTree = "<group>"; };
		95CCD093234F2F4B00B1DC24 /* Preview Assets.xcassets */ = {isa = PBXFileReference; lastKnownFileType = folder.assetcatalog; path = "Preview Assets.xcassets"; sourceTree = "<group>"; };
		95CCD096234F2F4B00B1DC24 /* Base */ = {isa = PBXFileReference; lastKnownFileType = file.storyboard; name = Base; path = Base.lproj/LaunchScreen.storyboard; sourceTree = "<group>"; };
		95CCD098234F2F4B00B1DC24 /* Info.plist */ = {isa = PBXFileReference; lastKnownFileType = text.plist.xml; path = Info.plist; sourceTree = "<group>"; };
		95CCD09E234F302000B1DC24 /* MyCustomButton.swift */ = {isa = PBXFileReference; lastKnownFileType = sourcecode.swift; path = MyCustomButton.swift; sourceTree = "<group>"; };
/* End PBXFileReference section */

/* Begin PBXFrameworksBuildPhase section */
		95CCD084234F2F4900B1DC24 /* Frameworks */ = {
			isa = PBXFrameworksBuildPhase;
			buildActionMask = 2147483647;
			files = (
			);
			runOnlyForDeploymentPostprocessing = 0;
		};
/* End PBXFrameworksBuildPhase section */

/* Begin PBXGroup section */
		95CCD07E234F2F4900B1DC24 = {
			isa = PBXGroup;
			children = (
				95CCD089234F2F4900B1DC24 /* HowToMakeCustomButtonsIn2DifferentWays */,
				95CCD088234F2F4900B1DC24 /* Products */,
			);
			sourceTree = "<group>";
		};
		95CCD088234F2F4900B1DC24 /* Products */ = {
			isa = PBXGroup;
			children = (
				95CCD087234F2F4900B1DC24 /* HowToMakeCustomButtonsIn2DifferentWays.app */,
			);
			name = Products;
			sourceTree = "<group>";
		};
		95CCD089234F2F4900B1DC24 /* HowToMakeCustomButtonsIn2DifferentWays */ = {
			isa = PBXGroup;
			children = (
				95CCD08A234F2F4900B1DC24 /* AppDelegate.swift */,
				95CCD08C234F2F4900B1DC24 /* SceneDelegate.swift */,
				95CCD08E234F2F4900B1DC24 /* ContentView.swift */,
				95CCD09E234F302000B1DC24 /* MyCustomButton.swift */,
				95CCD090234F2F4B00B1DC24 /* Assets.xcassets */,
				95CCD095234F2F4B00B1DC24 /* LaunchScreen.storyboard */,
				95CCD098234F2F4B00B1DC24 /* Info.plist */,
				95CCD092234F2F4B00B1DC24 /* Preview Content */,
			);
			path = HowToMakeCustomButtonsIn2DifferentWays;
			sourceTree = "<group>";
		};
		95CCD092234F2F4B00B1DC24 /* Preview Content */ = {
			isa = PBXGroup;
			children = (
				95CCD093234F2F4B00B1DC24 /* Preview Assets.xcassets */,
			);
			path = "Preview Content";
			sourceTree = "<group>";
		};
/* End PBXGroup section */

/* Begin PBXNativeTarget section */
		95CCD086234F2F4900B1DC24 /* HowToMakeCustomButtonsIn2DifferentWays */ = {
			isa = PBXNativeTarget;
			buildConfigurationList = 95CCD09B234F2F4B00B1DC24 /* Build configuration list for PBXNativeTarget "HowToMakeCustomButtonsIn2DifferentWays" */;
			buildPhases = (
				95CCD083234F2F4900B1DC24 /* Sources */,
				95CCD084234F2F4900B1DC24 /* Frameworks */,
				95CCD085234F2F4900B1DC24 /* Resources */,
			);
			buildRules = (
			);
			dependencies = (
			);
			name = HowToMakeCustomButtonsIn2DifferentWays;
			productName = HowToMakeCustomButtonsIn2DifferentWays;
			productReference = 95CCD087234F2F4900B1DC24 /* HowToMakeCustomButtonsIn2DifferentWays.app */;
			productType = "com.apple.product-type.application";
		};
/* End PBXNativeTarget section */

/* Begin PBXProject section */
		95CCD07F234F2F4900B1DC24 /* Project object */ = {
			isa = PBXProject;
			attributes = {
				LastSwiftUpdateCheck = 1100;
				LastUpgradeCheck = 1100;
				ORGANIZATIONNAME = com.ri;
				TargetAttributes = {
					95CCD086234F2F4900B1DC24 = {
						CreatedOnToolsVersion = 11.0;
					};
				};
			};
			buildConfigurationList = 95CCD082234F2F4900B1DC24 /* Build configuration list for PBXProject "HowToMakeCustomButtonsIn2DifferentWays" */;
			compatibilityVersion = "Xcode 9.3";
			developmentRegion = en;
			hasScannedForEncodings = 0;
			knownRegions = (
				en,
				Base,
			);
			mainGroup = 95CCD07E234F2F4900B1DC24;
			productRefGroup = 95CCD088234F2F4900B1DC24 /* Products */;
			projectDirPath = "";
			projectRoot = "";
			targets = (
				95CCD086234F2F4900B1DC24 /* HowToMakeCustomButtonsIn2DifferentWays */,
			);
		};
/* End PBXProject section */

/* Begin PBXResourcesBuildPhase section */
		95CCD085234F2F4900B1DC24 /* Resources */ = {
			isa = PBXResourcesBuildPhase;
			buildActionMask = 2147483647;
			files = (
				95CCD097234F2F4B00B1DC24 /* LaunchScreen.storyboard in Resources */,
				95CCD094234F2F4B00B1DC24 /* Preview Assets.xcassets in Resources */,
				95CCD091234F2F4B00B1DC24 /* Assets.xcassets in Resources */,
			);
			runOnlyForDeploymentPostprocessing = 0;
		};
/* End PBXResourcesBuildPhase section */

/* Begin PBXSourcesBuildPhase section */
		95CCD083234F2F4900B1DC24 /* Sources */ = {
			isa = PBXSourcesBuildPhase;
			buildActionMask = 2147483647;
			files = (
				95CCD09F234F302000B1DC24 /* MyCustomButton.swift in Sources */,
				95CCD08B234F2F4900B1DC24 /* AppDelegate.swift in Sources */,
				95CCD08D234F2F4900B1DC24 /* SceneDelegate.swift in Sources */,
				95CCD08F234F2F4900B1DC24 /* ContentView.swift in Sources */,
			);
			runOnlyForDeploymentPostprocessing = 0;
		};
/* End PBXSourcesBuildPhase section */

/* Begin PBXVariantGroup section */
		95CCD095234F2F4B00B1DC24 /* LaunchScreen.storyboard */ = {
			isa = PBXVariantGroup;
			children = (
				95CCD096234F2F4B00B1DC24 /* Base */,
			);
			name = LaunchScreen.storyboard;
			sourceTree = "<group>";
		};
/* End PBXVariantGroup section */

/* Begin XCBuildConfiguration section */
		95CCD099234F2F4B00B1DC24 /* Debug */ = {
			isa = XCBuildConfiguration;
			buildSettings = {
				ALWAYS_SEARCH_USER_PATHS = NO;
				CLANG_ANALYZER_NONNULL = YES;
				CLANG_ANALYZER_NUMBER_OBJECT_CONVERSION = YES_AGGRESSIVE;
				CLANG_CXX_LANGUAGE_STANDARD = "gnu++14";
				CLANG_CXX_LIBRARY = "libc++";
				CLANG_ENABLE_MODULES = YES;
				CLANG_ENABLE_OBJC_ARC = YES;
				CLANG_ENABLE_OBJC_WEAK = YES;
				CLANG_WARN_BLOCK_CAPTURE_AUTORELEASING = YES;
				CLANG_WARN_BOOL_CONVERSION = YES;
				CLANG_WARN_COMMA = YES;
				CLANG_WARN_CONSTANT_CONVERSION = YES;
				CLANG_WARN_DEPRECATED_OBJC_IMPLEMENTATIONS = YES;
				CLANG_WARN_DIRECT_OBJC_ISA_USAGE = YES_ERROR;
				CLANG_WARN_DOCUMENTATION_COMMENTS = YES;
				CLANG_WARN_EMPTY_BODY = YES;
				CLANG_WARN_ENUM_CONVERSION = YES;
				CLANG_WARN_INFINITE_RECURSION = YES;
				CLANG_WARN_INT_CONVERSION = YES;
				CLANG_WARN_NON_LITERAL_NULL_CONVERSION = YES;
				CLANG_WARN_OBJC_IMPLICIT_RETAIN_SELF = YES;
				CLANG_WARN_OBJC_LITERAL_CONVERSION = YES;
				CLANG_WARN_OBJC_ROOT_CLASS = YES_ERROR;
				CLANG_WARN_RANGE_LOOP_ANALYSIS = YES;
				CLANG_WARN_STRICT_PROTOTYPES = YES;
				CLANG_WARN_SUSPICIOUS_MOVE = YES;
				CLANG_WARN_UNGUARDED_AVAILABILITY = YES_AGGRESSIVE;
				CLANG_WARN_UNREACHABLE_CODE = YES;
				CLANG_WARN__DUPLICATE_METHOD_MATCH = YES;
				COPY_PHASE_STRIP = NO;
				DEBUG_INFORMATION_FORMAT = dwarf;
				ENABLE_STRICT_OBJC_MSGSEND = YES;
				ENABLE_TESTABILITY = YES;
				GCC_C_LANGUAGE_STANDARD = gnu11;
				GCC_DYNAMIC_NO_PIC = NO;
				GCC_NO_COMMON_BLOCKS = YES;
				GCC_OPTIMIZATION_LEVEL = 0;
				GCC_PREPROCESSOR_DEFINITIONS = (
					"DEBUG=1",
					"$(inherited)",
				);
				GCC_WARN_64_TO_32_BIT_CONVERSION = YES;
				GCC_WARN_ABOUT_RETURN_TYPE = YES_ERROR;
				GCC_WARN_UNDECLARED_SELECTOR = YES;
				GCC_WARN_UNINITIALIZED_AUTOS = YES_AGGRESSIVE;
				GCC_WARN_UNUSED_FUNCTION = YES;
				GCC_WARN_UNUSED_VARIABLE = YES;
				IPHONEOS_DEPLOYMENT_TARGET = 13.0;
				MTL_ENABLE_DEBUG_INFO = INCLUDE_SOURCE;
				MTL_FAST_MATH = YES;
				ONLY_ACTIVE_ARCH = YES;
				SDKROOT = iphoneos;
				SWIFT_ACTIVE_COMPILATION_CONDITIONS = DEBUG;
				SWIFT_OPTIMIZATION_LEVEL = "-Onone";
			};
			name = Debug;
		};
		95CCD09A234F2F4B00B1DC24 /* Release */ = {
			isa = XCBuildConfiguration;
			buildSettings = {
				ALWAYS_SEARCH_USER_PATHS = NO;
				CLANG_ANALYZER_NONNULL = YES;
				CLANG_ANALYZER_NUMBER_OBJECT_CONVERSION = YES_AGGRESSIVE;
				CLANG_CXX_LANGUAGE_STANDARD = "gnu++14";
				CLANG_CXX_LIBRARY = "libc++";
				CLANG_ENABLE_MODULES = YES;
				CLANG_ENABLE_OBJC_ARC = YES;
				CLANG_ENABLE_OBJC_WEAK = YES;
				CLANG_WARN_BLOCK_CAPTURE_AUTORELEASING = YES;
				CLANG_WARN_BOOL_CONVERSION = YES;
				CLANG_WARN_COMMA = YES;
				CLANG_WARN_CONSTANT_CONVERSION = YES;
				CLANG_WARN_DEPRECATED_OBJC_IMPLEMENTATIONS = YES;
				CLANG_WARN_DIRECT_OBJC_ISA_USAGE = YES_ERROR;
				CLANG_WARN_DOCUMENTATION_COMMENTS = YES;
				CLANG_WARN_EMPTY_BODY = YES;
				CLANG_WARN_ENUM_CONVERSION = YES;
				CLANG_WARN_INFINITE_RECURSION = YES;
				CLANG_WARN_INT_CONVERSION = YES;
				CLANG_WARN_NON_LITERAL_NULL_CONVERSION = YES;
				CLANG_WARN_OBJC_IMPLICIT_RETAIN_SELF = YES;
				CLANG_WARN_OBJC_LITERAL_CONVERSION = YES;
				CLANG_WARN_OBJC_ROOT_CLASS = YES_ERROR;
				CLANG_WARN_RANGE_LOOP_ANALYSIS = YES;
				CLANG_WARN_STRICT_PROTOTYPES = YES;
				CLANG_WARN_SUSPICIOUS_MOVE = YES;
				CLANG_WARN_UNGUARDED_AVAILABILITY = YES_AGGRESSIVE;
				CLANG_WARN_UNREACHABLE_CODE = YES;
				CLANG_WARN__DUPLICATE_METHOD_MATCH = YES;
				COPY_PHASE_STRIP = NO;
				DEBUG_INFORMATION_FORMAT = "dwarf-with-dsym";
				ENABLE_NS_ASSERTIONS = NO;
				ENABLE_STRICT_OBJC_MSGSEND = YES;
				GCC_C_LANGUAGE_STANDARD = gnu11;
				GCC_NO_COMMON_BLOCKS = YES;
				GCC_WARN_64_TO_32_BIT_CONVERSION = YES;
				GCC_WARN_ABOUT_RETURN_TYPE = YES_ERROR;
				GCC_WARN_UNDECLARED_SELECTOR = YES;
				GCC_WARN_UNINITIALIZED_AUTOS = YES_AGGRESSIVE;
				GCC_WARN_UNUSED_FUNCTION = YES;
				GCC_WARN_UNUSED_VARIABLE = YES;
				IPHONEOS_DEPLOYMENT_TARGET = 13.0;
				MTL_ENABLE_DEBUG_INFO = NO;
				MTL_FAST_MATH = YES;
				SDKROOT = iphoneos;
				SWIFT_COMPILATION_MODE = wholemodule;
				SWIFT_OPTIMIZATION_LEVEL = "-O";
				VALIDATE_PRODUCT = YES;
			};
			name = Release;
		};
		95CCD09C234F2F4B00B1DC24 /* Debug */ = {
			isa = XCBuildConfiguration;
			buildSettings = {
				ASSETCATALOG_COMPILER_APPICON_NAME = AppIcon;
				CODE_SIGN_STYLE = Automatic;
				DEVELOPMENT_ASSET_PATHS = "\"HowToMakeCustomButtonsIn2DifferentWays/Preview Content\"";
				DEVELOPMENT_TEAM = L8W86DZDY2;
				ENABLE_PREVIEWS = YES;
				INFOPLIST_FILE = HowToMakeCustomButtonsIn2DifferentWays/Info.plist;
				LD_RUNPATH_SEARCH_PATHS = (
					"$(inherited)",
					"@executable_path/Frameworks",
				);
				PRODUCT_BUNDLE_IDENTIFIER = com.ri.HowToMakeCustomButtonsIn2DifferentWays;
				PRODUCT_NAME = "$(TARGET_NAME)";
				SWIFT_VERSION = 5.0;
				TARGETED_DEVICE_FAMILY = "1,2";
			};
			name = Debug;
		};
		95CCD09D234F2F4B00B1DC24 /* Release */ = {
			isa = XCBuildConfiguration;
			buildSettings = {
				ASSETCATALOG_COMPILER_APPICON_NAME = AppIcon;
				CODE_SIGN_STYLE = Automatic;
				DEVELOPMENT_ASSET_PATHS = "\"HowToMakeCustomButtonsIn2DifferentWays/Preview Content\"";
				DEVELOPMENT_TEAM = L8W86DZDY2;
				ENABLE_PREVIEWS = YES;
				INFOPLIST_FILE = HowToMakeCustomButtonsIn2DifferentWays/Info.plist;
				LD_RUNPATH_SEARCH_PATHS = (
					"$(inherited)",
					"@executable_path/Frameworks",
				);
				PRODUCT_BUNDLE_IDENTIFIER = com.ri.HowToMakeCustomButtonsIn2DifferentWays;
				PRODUCT_NAME = "$(TARGET_NAME)";
				SWIFT_VERSION = 5.0;
				TARGETED_DEVICE_FAMILY = "1,2";
			};
			name = Release;
		};
/* End XCBuildConfiguration section */

/* Begin XCConfigurationList section */
		95CCD082234F2F4900B1DC24 /* Build configuration list for PBXProject "HowToMakeCustomButtonsIn2DifferentWays" */ = {
			isa = XCConfigurationList;
			buildConfigurations = (
				95CCD099234F2F4B00B1DC24 /* Debug */,
				95CCD09A234F2F4B00B1DC24 /* Release */,
			);
			defaultConfigurationIsVisible = 0;
			defaultConfigurationName = Release;
		};
		95CCD09B234F2F4B00B1DC24 /* Build configuration list for PBXNativeTarget "HowToMakeCustomButtonsIn2DifferentWays" */ = {
			isa = XCConfigurationList;
			buildConfigurations = (
				95CCD09C234F2F4B00B1DC24 /* Debug */,
				95CCD09D234F2F4B00B1DC24 /* Release */,
			);
			defaultConfigurationIsVisible = 0;
			defaultConfigurationName = Release;
		};
/* End XCConfigurationList section */
	};
	rootObject = 95CCD07F234F2F4900B1DC24 /* Project object */;
}
